
Microsoft Visual Studio Solution File, Format Version 12.00
# Visual Studio 2013
VisualStudioVersion = 12.0.31101.0
MinimumVisualStudioVersion = 10.0.40219.1
Project("{FAE04EC0-301F-11D3-BF4B-00C04F79EFBC}") = "ENEI.SessionsApp", "ENEI.SessionsApp\ENEI.SessionsApp\ENEI.SessionsApp.csproj", "{99655166-19BD-4CBD-B2DB-E221BF49FDFF}"
EndProject
Project("{FAE04EC0-301F-11D3-BF4B-00C04F79EFBC}") = "ENEI.SessionsApp.iOS", "ENEI.SessionsApp\ENEI.SessionsApp.iOS\ENEI.SessionsApp.iOS.csproj", "{71CC2279-974C-4574-815A-BD1715AB2425}"
EndProject
Project("{FAE04EC0-301F-11D3-BF4B-00C04F79EFBC}") = "ENEI.SessionsApp.Droid", "ENEI.SessionsApp\ENEI.SessionsApp.Droid\ENEI.SessionsApp.Droid.csproj", "{41105F0D-E3B4-4096-AD33-9B81B1831EF5}"
EndProject
Project("{FAE04EC0-301F-11D3-BF4B-00C04F79EFBC}") = "ENEI.SessionsApp.WinPhone", "ENEI.SessionsApp\ENEI.SessionsApp.WinPhone\ENEI.SessionsApp.WinPhone.csproj", "{CACA7745-682C-4C93-A07C-30B9E9EA4E7E}"
EndProject
Project("{2150E333-8FDC-42A3-9474-1A3956D46DE8}") = "ENEI.SessionApp.WinRT", "ENEI.SessionApp.WinRT", "{C72603A7-C1D4-478C-88DF-2F105A6CF2A3}"
EndProject
Project("{D954291E-2A0B-460D-934E-DC6B0785DB48}") = "ENEI.SessionApp.WinRT.Shared", "ENEI.SessionsApp\ENEI.SessionApp.WinRT\ENEI.SessionApp.WinRT.Shared\ENEI.SessionApp.WinRT.Shared.shproj", "{0024445B-DD32-4C2D-9DEE-08204C3FFB9C}"
EndProject
Project("{FAE04EC0-301F-11D3-BF4B-00C04F79EFBC}") = "ENEI.SessionApp.WinRT.Windows", "ENEI.SessionsApp\ENEI.SessionApp.WinRT\ENEI.SessionApp.WinRT.Windows\ENEI.SessionApp.WinRT.Windows.csproj", "{622860B7-AC4C-484F-AE69-721689BC6580}"
EndProject
Project("{FAE04EC0-301F-11D3-BF4B-00C04F79EFBC}") = "ENEI.SessionApp.WinRT.WindowsPhone", "ENEI.SessionsApp\ENEI.SessionApp.WinRT\ENEI.SessionApp.WinRT.WindowsPhone\ENEI.SessionApp.WinRT.WindowsPhone.csproj", "{6A5D5889-3C39-43CB-A617-FE72BE0793D2}"
EndProject
Global
	GlobalSection(SharedMSBuildProjectFiles) = preSolution
		ENEI.SessionsApp\ENEI.SessionApp.WinRT\ENEI.SessionApp.WinRT.Shared\ENEI.SessionApp.WinRT.Shared.projitems*{6a5d5889-3c39-43cb-a617-fe72be0793d2}*SharedItemsImports = 4
		ENEI.SessionsApp\ENEI.SessionApp.WinRT\ENEI.SessionApp.WinRT.Shared\ENEI.SessionApp.WinRT.Shared.projitems*{622860b7-ac4c-484f-ae69-721689bc6580}*SharedItemsImports = 4
		ENEI.SessionsApp\ENEI.SessionApp.WinRT\ENEI.SessionApp.WinRT.Shared\ENEI.SessionApp.WinRT.Shared.projitems*{0024445b-dd32-4c2d-9dee-08204c3ffb9c}*SharedItemsImports = 13
	EndGlobalSection
	GlobalSection(SolutionConfigurationPlatforms) = preSolution
		Ad-Hoc|Any CPU = Ad-Hoc|Any CPU
		Ad-Hoc|ARM = Ad-Hoc|ARM
		Ad-Hoc|iPhone = Ad-Hoc|iPhone
		Ad-Hoc|iPhoneSimulator = Ad-Hoc|iPhoneSimulator
		Ad-Hoc|Mixed Platforms = Ad-Hoc|Mixed Platforms
		Ad-Hoc|x64 = Ad-Hoc|x64
		Ad-Hoc|x86 = Ad-Hoc|x86
		AppStore|Any CPU = AppStore|Any CPU
		AppStore|ARM = AppStore|ARM
		AppStore|iPhone = AppStore|iPhone
		AppStore|iPhoneSimulator = AppStore|iPhoneSimulator
		AppStore|Mixed Platforms = AppStore|Mixed Platforms
		AppStore|x64 = AppStore|x64
		AppStore|x86 = AppStore|x86
		Debug|Any CPU = Debug|Any CPU
		Debug|ARM = Debug|ARM
		Debug|iPhone = Debug|iPhone
		Debug|iPhoneSimulator = Debug|iPhoneSimulator
		Debug|Mixed Platforms = Debug|Mixed Platforms
		Debug|x64 = Debug|x64
		Debug|x86 = Debug|x86
		Release|Any CPU = Release|Any CPU
		Release|ARM = Release|ARM
		Release|iPhone = Release|iPhone
		Release|iPhoneSimulator = Release|iPhoneSimulator
		Release|Mixed Platforms = Release|Mixed Platforms
		Release|x64 = Release|x64
		Release|x86 = Release|x86
	EndGlobalSection
	GlobalSection(ProjectConfigurationPlatforms) = postSolution
		{99655166-19BD-4CBD-B2DB-E221BF49FDFF}.Ad-Hoc|Any CPU.ActiveCfg = Release|Any CPU
		{99655166-19BD-4CBD-B2DB-E221BF49FDFF}.Ad-Hoc|Any CPU.Build.0 = Release|Any CPU
		{99655166-19BD-4CBD-B2DB-E221BF49FDFF}.Ad-Hoc|ARM.ActiveCfg = Release|Any CPU
		{99655166-19BD-4CBD-B2DB-E221BF49FDFF}.Ad-Hoc|iPhone.ActiveCfg = Release|Any CPU
		{99655166-19BD-4CBD-B2DB-E221BF49FDFF}.Ad-Hoc|iPhoneSimulator.ActiveCfg = Release|Any CPU
		{99655166-19BD-4CBD-B2DB-E221BF49FDFF}.Ad-Hoc|Mixed Platforms.ActiveCfg = Release|Any CPU
		{99655166-19BD-4CBD-B2DB-E221BF49FDFF}.Ad-Hoc|Mixed Platforms.Build.0 = Release|Any CPU
		{99655166-19BD-4CBD-B2DB-E221BF49FDFF}.Ad-Hoc|x64.ActiveCfg = Debug|Any CPU
		{99655166-19BD-4CBD-B2DB-E221BF49FDFF}.Ad-Hoc|x86.ActiveCfg = Release|Any CPU
		{99655166-19BD-4CBD-B2DB-E221BF49FDFF}.AppStore|Any CPU.ActiveCfg = Release|Any CPU
		{99655166-19BD-4CBD-B2DB-E221BF49FDFF}.AppStore|Any CPU.Build.0 = Release|Any CPU
		{99655166-19BD-4CBD-B2DB-E221BF49FDFF}.AppStore|ARM.ActiveCfg = Release|Any CPU
		{99655166-19BD-4CBD-B2DB-E221BF49FDFF}.AppStore|iPhone.ActiveCfg = Release|Any CPU
		{99655166-19BD-4CBD-B2DB-E221BF49FDFF}.AppStore|iPhoneSimulator.ActiveCfg = Release|Any CPU
		{99655166-19BD-4CBD-B2DB-E221BF49FDFF}.AppStore|Mixed Platforms.ActiveCfg = Release|Any CPU
		{99655166-19BD-4CBD-B2DB-E221BF49FDFF}.AppStore|Mixed Platforms.Build.0 = Release|Any CPU
		{99655166-19BD-4CBD-B2DB-E221BF49FDFF}.AppStore|x64.ActiveCfg = Debug|Any CPU
		{99655166-19BD-4CBD-B2DB-E221BF49FDFF}.AppStore|x86.ActiveCfg = Release|Any CPU
		{99655166-19BD-4CBD-B2DB-E221BF49FDFF}.Debug|Any CPU.ActiveCfg = Debug|Any CPU
		{99655166-19BD-4CBD-B2DB-E221BF49FDFF}.Debug|Any CPU.Build.0 = Debug|Any CPU
		{99655166-19BD-4CBD-B2DB-E221BF49FDFF}.Debug|ARM.ActiveCfg = Debug|Any CPU
		{99655166-19BD-4CBD-B2DB-E221BF49FDFF}.Debug|ARM.Build.0 = Debug|Any CPU
		{99655166-19BD-4CBD-B2DB-E221BF49FDFF}.Debug|iPhone.ActiveCfg = Debug|Any CPU
		{99655166-19BD-4CBD-B2DB-E221BF49FDFF}.Debug|iPhone.Build.0 = Debug|Any CPU
		{99655166-19BD-4CBD-B2DB-E221BF49FDFF}.Debug|iPhoneSimulator.ActiveCfg = Debug|Any CPU
		{99655166-19BD-4CBD-B2DB-E221BF49FDFF}.Debug|Mixed Platforms.ActiveCfg = Debug|Any CPU
		{99655166-19BD-4CBD-B2DB-E221BF49FDFF}.Debug|Mixed Platforms.Build.0 = Debug|Any CPU
		{99655166-19BD-4CBD-B2DB-E221BF49FDFF}.Debug|x64.ActiveCfg = Debug|Any CPU
		{99655166-19BD-4CBD-B2DB-E221BF49FDFF}.Debug|x86.ActiveCfg = Debug|Any CPU
		{99655166-19BD-4CBD-B2DB-E221BF49FDFF}.Release|Any CPU.ActiveCfg = Release|Any CPU
		{99655166-19BD-4CBD-B2DB-E221BF49FDFF}.Release|Any CPU.Build.0 = Release|Any CPU
		{99655166-19BD-4CBD-B2DB-E221BF49FDFF}.Release|ARM.ActiveCfg = Release|Any CPU
		{99655166-19BD-4CBD-B2DB-E221BF49FDFF}.Release|iPhone.ActiveCfg = Release|Any CPU
		{99655166-19BD-4CBD-B2DB-E221BF49FDFF}.Release|iPhoneSimulator.ActiveCfg = Release|Any CPU
		{99655166-19BD-4CBD-B2DB-E221BF49FDFF}.Release|Mixed Platforms.ActiveCfg = Release|Any CPU
		{99655166-19BD-4CBD-B2DB-E221BF49FDFF}.Release|Mixed Platforms.Build.0 = Release|Any CPU
		{99655166-19BD-4CBD-B2DB-E221BF49FDFF}.Release|x64.ActiveCfg = Release|Any CPU
		{99655166-19BD-4CBD-B2DB-E221BF49FDFF}.Release|x86.ActiveCfg = Release|Any CPU
		{71CC2279-974C-4574-815A-BD1715AB2425}.Ad-Hoc|Any CPU.ActiveCfg = Ad-Hoc|iPhone
		{71CC2279-974C-4574-815A-BD1715AB2425}.Ad-Hoc|ARM.ActiveCfg = Ad-Hoc|iPhone
		{71CC2279-974C-4574-815A-BD1715AB2425}.Ad-Hoc|iPhone.ActiveCfg = Ad-Hoc|iPhone
		{71CC2279-974C-4574-815A-BD1715AB2425}.Ad-Hoc|iPhone.Build.0 = Ad-Hoc|iPhone
		{71CC2279-974C-4574-815A-BD1715AB2425}.Ad-Hoc|iPhoneSimulator.ActiveCfg = Ad-Hoc|iPhoneSimulator
		{71CC2279-974C-4574-815A-BD1715AB2425}.Ad-Hoc|iPhoneSimulator.Build.0 = Ad-Hoc|iPhoneSimulator
		{71CC2279-974C-4574-815A-BD1715AB2425}.Ad-Hoc|Mixed Platforms.ActiveCfg = Ad-Hoc|iPhone
		{71CC2279-974C-4574-815A-BD1715AB2425}.Ad-Hoc|Mixed Platforms.Build.0 = Ad-Hoc|iPhone
		{71CC2279-974C-4574-815A-BD1715AB2425}.Ad-Hoc|x64.ActiveCfg = Ad-Hoc|iPhoneSimulator
		{71CC2279-974C-4574-815A-BD1715AB2425}.Ad-Hoc|x86.ActiveCfg = Ad-Hoc|iPhone
		{71CC2279-974C-4574-815A-BD1715AB2425}.AppStore|Any CPU.ActiveCfg = AppStore|iPhone
		{71CC2279-974C-4574-815A-BD1715AB2425}.AppStore|ARM.ActiveCfg = AppStore|iPhone
		{71CC2279-974C-4574-815A-BD1715AB2425}.AppStore|iPhone.ActiveCfg = AppStore|iPhone
		{71CC2279-974C-4574-815A-BD1715AB2425}.AppStore|iPhone.Build.0 = AppStore|iPhone
		{71CC2279-974C-4574-815A-BD1715AB2425}.AppStore|iPhoneSimulator.ActiveCfg = AppStore|iPhoneSimulator
		{71CC2279-974C-4574-815A-BD1715AB2425}.AppStore|iPhoneSimulator.Build.0 = AppStore|iPhoneSimulator
		{71CC2279-974C-4574-815A-BD1715AB2425}.AppStore|Mixed Platforms.ActiveCfg = AppStore|iPhone
		{71CC2279-974C-4574-815A-BD1715AB2425}.AppStore|Mixed Platforms.Build.0 = AppStore|iPhone
		{71CC2279-974C-4574-815A-BD1715AB2425}.AppStore|x64.ActiveCfg = AppStore|iPhoneSimulator
		{71CC2279-974C-4574-815A-BD1715AB2425}.AppStore|x86.ActiveCfg = AppStore|iPhone
		{71CC2279-974C-4574-815A-BD1715AB2425}.Debug|Any CPU.ActiveCfg = Debug|iPhone
		{71CC2279-974C-4574-815A-BD1715AB2425}.Debug|ARM.ActiveCfg = Debug|iPhone
		{71CC2279-974C-4574-815A-BD1715AB2425}.Debug|ARM.Build.0 = Debug|iPhone
		{71CC2279-974C-4574-815A-BD1715AB2425}.Debug|iPhone.ActiveCfg = Debug|iPhone
		{71CC2279-974C-4574-815A-BD1715AB2425}.Debug|iPhone.Build.0 = Debug|iPhone
		{71CC2279-974C-4574-815A-BD1715AB2425}.Debug|iPhoneSimulator.ActiveCfg = Debug|iPhoneSimulator
		{71CC2279-974C-4574-815A-BD1715AB2425}.Debug|iPhoneSimulator.Build.0 = Debug|iPhoneSimulator
		{71CC2279-974C-4574-815A-BD1715AB2425}.Debug|Mixed Platforms.ActiveCfg = Debug|iPhone
		{71CC2279-974C-4574-815A-BD1715AB2425}.Debug|Mixed Platforms.Build.0 = Debug|iPhone
		{71CC2279-974C-4574-815A-BD1715AB2425}.Debug|x64.ActiveCfg = Debug|iPhoneSimulator
		{71CC2279-974C-4574-815A-BD1715AB2425}.Debug|x86.ActiveCfg = Debug|iPhone
		{71CC2279-974C-4574-815A-BD1715AB2425}.Release|Any CPU.ActiveCfg = Release|iPhone
		{71CC2279-974C-4574-815A-BD1715AB2425}.Release|ARM.ActiveCfg = Release|iPhone
		{71CC2279-974C-4574-815A-BD1715AB2425}.Release|iPhone.ActiveCfg = Release|iPhone
		{71CC2279-974C-4574-815A-BD1715AB2425}.Release|iPhone.Build.0 = Release|iPhone
		{71CC2279-974C-4574-815A-BD1715AB2425}.Release|iPhoneSimulator.ActiveCfg = Release|iPhoneSimulator
		{71CC2279-974C-4574-815A-BD1715AB2425}.Release|iPhoneSimulator.Build.0 = Release|iPhoneSimulator
		{71CC2279-974C-4574-815A-BD1715AB2425}.Release|Mixed Platforms.ActiveCfg = Release|iPhone
		{71CC2279-974C-4574-815A-BD1715AB2425}.Release|Mixed Platforms.Build.0 = Release|iPhone
		{71CC2279-974C-4574-815A-BD1715AB2425}.Release|x64.ActiveCfg = Release|iPhoneSimulator
		{71CC2279-974C-4574-815A-BD1715AB2425}.Release|x86.ActiveCfg = Release|iPhone
		{41105F0D-E3B4-4096-AD33-9B81B1831EF5}.Ad-Hoc|Any CPU.ActiveCfg = Release|Any CPU
		{41105F0D-E3B4-4096-AD33-9B81B1831EF5}.Ad-Hoc|Any CPU.Build.0 = Release|Any CPU
		{41105F0D-E3B4-4096-AD33-9B81B1831EF5}.Ad-Hoc|Any CPU.Deploy.0 = Release|Any CPU
		{41105F0D-E3B4-4096-AD33-9B81B1831EF5}.Ad-Hoc|ARM.ActiveCfg = Release|Any CPU
		{41105F0D-E3B4-4096-AD33-9B81B1831EF5}.Ad-Hoc|iPhone.ActiveCfg = Release|Any CPU
		{41105F0D-E3B4-4096-AD33-9B81B1831EF5}.Ad-Hoc|iPhoneSimulator.ActiveCfg = Release|Any CPU
		{41105F0D-E3B4-4096-AD33-9B81B1831EF5}.Ad-Hoc|Mixed Platforms.ActiveCfg = Release|Any CPU
		{41105F0D-E3B4-4096-AD33-9B81B1831EF5}.Ad-Hoc|Mixed Platforms.Build.0 = Release|Any CPU
		{41105F0D-E3B4-4096-AD33-9B81B1831EF5}.Ad-Hoc|Mixed Platforms.Deploy.0 = Release|Any CPU
		{41105F0D-E3B4-4096-AD33-9B81B1831EF5}.Ad-Hoc|x64.ActiveCfg = Debug|Any CPU
		{41105F0D-E3B4-4096-AD33-9B81B1831EF5}.Ad-Hoc|x86.ActiveCfg = Release|Any CPU
		{41105F0D-E3B4-4096-AD33-9B81B1831EF5}.AppStore|Any CPU.ActiveCfg = Release|Any CPU
		{41105F0D-E3B4-4096-AD33-9B81B1831EF5}.AppStore|Any CPU.Build.0 = Release|Any CPU
		{41105F0D-E3B4-4096-AD33-9B81B1831EF5}.AppStore|Any CPU.Deploy.0 = Release|Any CPU
		{41105F0D-E3B4-4096-AD33-9B81B1831EF5}.AppStore|ARM.ActiveCfg = Release|Any CPU
		{41105F0D-E3B4-4096-AD33-9B81B1831EF5}.AppStore|iPhone.ActiveCfg = Release|Any CPU
		{41105F0D-E3B4-4096-AD33-9B81B1831EF5}.AppStore|iPhoneSimulator.ActiveCfg = Release|Any CPU
		{41105F0D-E3B4-4096-AD33-9B81B1831EF5}.AppStore|Mixed Platforms.ActiveCfg = Release|Any CPU
		{41105F0D-E3B4-4096-AD33-9B81B1831EF5}.AppStore|Mixed Platforms.Build.0 = Release|Any CPU
		{41105F0D-E3B4-4096-AD33-9B81B1831EF5}.AppStore|Mixed Platforms.Deploy.0 = Release|Any CPU
		{41105F0D-E3B4-4096-AD33-9B81B1831EF5}.AppStore|x64.ActiveCfg = Debug|Any CPU
		{41105F0D-E3B4-4096-AD33-9B81B1831EF5}.AppStore|x86.ActiveCfg = Release|Any CPU
		{41105F0D-E3B4-4096-AD33-9B81B1831EF5}.Debug|Any CPU.ActiveCfg = Debug|Any CPU
		{41105F0D-E3B4-4096-AD33-9B81B1831EF5}.Debug|Any CPU.Build.0 = Debug|Any CPU
		{41105F0D-E3B4-4096-AD33-9B81B1831EF5}.Debug|Any CPU.Deploy.0 = Debug|Any CPU
		{41105F0D-E3B4-4096-AD33-9B81B1831EF5}.Debug|ARM.ActiveCfg = Debug|Any CPU
		{41105F0D-E3B4-4096-AD33-9B81B1831EF5}.Debug|ARM.Build.0 = Debug|Any CPU
		{41105F0D-E3B4-4096-AD33-9B81B1831EF5}.Debug|iPhone.ActiveCfg = Debug|Any CPU
		{41105F0D-E3B4-4096-AD33-9B81B1831EF5}.Debug|iPhone.Build.0 = Debug|Any CPU
		{41105F0D-E3B4-4096-AD33-9B81B1831EF5}.Debug|iPhone.Deploy.0 = Debug|Any CPU
		{41105F0D-E3B4-4096-AD33-9B81B1831EF5}.Debug|iPhoneSimulator.ActiveCfg = Debug|Any CPU
		{41105F0D-E3B4-4096-AD33-9B81B1831EF5}.Debug|Mixed Platforms.ActiveCfg = Debug|Any CPU
		{41105F0D-E3B4-4096-AD33-9B81B1831EF5}.Debug|Mixed Platforms.Build.0 = Debug|Any CPU
		{41105F0D-E3B4-4096-AD33-9B81B1831EF5}.Debug|Mixed Platforms.Deploy.0 = Debug|Any CPU
		{41105F0D-E3B4-4096-AD33-9B81B1831EF5}.Debug|x64.ActiveCfg = Debug|Any CPU
		{41105F0D-E3B4-4096-AD33-9B81B1831EF5}.Debug|x86.ActiveCfg = Debug|Any CPU
		{41105F0D-E3B4-4096-AD33-9B81B1831EF5}.Release|Any CPU.ActiveCfg = Release|Any CPU
		{41105F0D-E3B4-4096-AD33-9B81B1831EF5}.Release|Any CPU.Build.0 = Release|Any CPU
		{41105F0D-E3B4-4096-AD33-9B81B1831EF5}.Release|Any CPU.Deploy.0 = Release|Any CPU
		{41105F0D-E3B4-4096-AD33-9B81B1831EF5}.Release|ARM.ActiveCfg = Release|Any CPU
		{41105F0D-E3B4-4096-AD33-9B81B1831EF5}.Release|iPhone.ActiveCfg = Release|Any CPU
		{41105F0D-E3B4-4096-AD33-9B81B1831EF5}.Release|iPhoneSimulator.ActiveCfg = Release|Any CPU
		{41105F0D-E3B4-4096-AD33-9B81B1831EF5}.Release|Mixed Platforms.ActiveCfg = Release|Any CPU
		{41105F0D-E3B4-4096-AD33-9B81B1831EF5}.Release|Mixed Platforms.Build.0 = Release|Any CPU
		{41105F0D-E3B4-4096-AD33-9B81B1831EF5}.Release|Mixed Platforms.Deploy.0 = Release|Any CPU
		{41105F0D-E3B4-4096-AD33-9B81B1831EF5}.Release|x64.ActiveCfg = Release|Any CPU
		{41105F0D-E3B4-4096-AD33-9B81B1831EF5}.Release|x86.ActiveCfg = Release|Any CPU
		{CACA7745-682C-4C93-A07C-30B9E9EA4E7E}.Ad-Hoc|Any CPU.ActiveCfg = Release|Any CPU
		{CACA7745-682C-4C93-A07C-30B9E9EA4E7E}.Ad-Hoc|Any CPU.Build.0 = Release|Any CPU
		{CACA7745-682C-4C93-A07C-30B9E9EA4E7E}.Ad-Hoc|Any CPU.Deploy.0 = Release|Any CPU
		{CACA7745-682C-4C93-A07C-30B9E9EA4E7E}.Ad-Hoc|ARM.ActiveCfg = Release|ARM
		{CACA7745-682C-4C93-A07C-30B9E9EA4E7E}.Ad-Hoc|ARM.Build.0 = Release|ARM
		{CACA7745-682C-4C93-A07C-30B9E9EA4E7E}.Ad-Hoc|ARM.Deploy.0 = Release|ARM
		{CACA7745-682C-4C93-A07C-30B9E9EA4E7E}.Ad-Hoc|iPhone.ActiveCfg = Release|Any CPU
		{CACA7745-682C-4C93-A07C-30B9E9EA4E7E}.Ad-Hoc|iPhoneSimulator.ActiveCfg = Release|Any CPU
		{CACA7745-682C-4C93-A07C-30B9E9EA4E7E}.Ad-Hoc|Mixed Platforms.ActiveCfg = Release|x86
		{CACA7745-682C-4C93-A07C-30B9E9EA4E7E}.Ad-Hoc|Mixed Platforms.Build.0 = Release|x86
		{CACA7745-682C-4C93-A07C-30B9E9EA4E7E}.Ad-Hoc|Mixed Platforms.Deploy.0 = Release|x86
		{CACA7745-682C-4C93-A07C-30B9E9EA4E7E}.Ad-Hoc|x64.ActiveCfg = Debug|Any CPU
		{CACA7745-682C-4C93-A07C-30B9E9EA4E7E}.Ad-Hoc|x86.ActiveCfg = Release|x86
		{CACA7745-682C-4C93-A07C-30B9E9EA4E7E}.Ad-Hoc|x86.Build.0 = Release|x86
		{CACA7745-682C-4C93-A07C-30B9E9EA4E7E}.Ad-Hoc|x86.Deploy.0 = Release|x86
		{CACA7745-682C-4C93-A07C-30B9E9EA4E7E}.AppStore|Any CPU.ActiveCfg = Release|Any CPU
		{CACA7745-682C-4C93-A07C-30B9E9EA4E7E}.AppStore|Any CPU.Build.0 = Release|Any CPU
		{CACA7745-682C-4C93-A07C-30B9E9EA4E7E}.AppStore|Any CPU.Deploy.0 = Release|Any CPU
		{CACA7745-682C-4C93-A07C-30B9E9EA4E7E}.AppStore|ARM.ActiveCfg = Release|ARM
		{CACA7745-682C-4C93-A07C-30B9E9EA4E7E}.AppStore|ARM.Build.0 = Release|ARM
		{CACA7745-682C-4C93-A07C-30B9E9EA4E7E}.AppStore|ARM.Deploy.0 = Release|ARM
		{CACA7745-682C-4C93-A07C-30B9E9EA4E7E}.AppStore|iPhone.ActiveCfg = Release|Any CPU
		{CACA7745-682C-4C93-A07C-30B9E9EA4E7E}.AppStore|iPhoneSimulator.ActiveCfg = Release|Any CPU
		{CACA7745-682C-4C93-A07C-30B9E9EA4E7E}.AppStore|Mixed Platforms.ActiveCfg = Release|x86
		{CACA7745-682C-4C93-A07C-30B9E9EA4E7E}.AppStore|Mixed Platforms.Build.0 = Release|x86
		{CACA7745-682C-4C93-A07C-30B9E9EA4E7E}.AppStore|Mixed Platforms.Deploy.0 = Release|x86
		{CACA7745-682C-4C93-A07C-30B9E9EA4E7E}.AppStore|x64.ActiveCfg = Debug|Any CPU
		{CACA7745-682C-4C93-A07C-30B9E9EA4E7E}.AppStore|x86.ActiveCfg = Release|x86
		{CACA7745-682C-4C93-A07C-30B9E9EA4E7E}.AppStore|x86.Build.0 = Release|x86
		{CACA7745-682C-4C93-A07C-30B9E9EA4E7E}.AppStore|x86.Deploy.0 = Release|x86
		{CACA7745-682C-4C93-A07C-30B9E9EA4E7E}.Debug|Any CPU.ActiveCfg = Debug|Any CPU
		{CACA7745-682C-4C93-A07C-30B9E9EA4E7E}.Debug|Any CPU.Build.0 = Debug|Any CPU
		{CACA7745-682C-4C93-A07C-30B9E9EA4E7E}.Debug|Any CPU.Deploy.0 = Debug|Any CPU
		{CACA7745-682C-4C93-A07C-30B9E9EA4E7E}.Debug|ARM.ActiveCfg = Debug|ARM
		{CACA7745-682C-4C93-A07C-30B9E9EA4E7E}.Debug|ARM.Build.0 = Debug|ARM
		{CACA7745-682C-4C93-A07C-30B9E9EA4E7E}.Debug|ARM.Deploy.0 = Debug|ARM
		{CACA7745-682C-4C93-A07C-30B9E9EA4E7E}.Debug|iPhone.ActiveCfg = Debug|Any CPU
		{CACA7745-682C-4C93-A07C-30B9E9EA4E7E}.Debug|iPhone.Build.0 = Debug|Any CPU
		{CACA7745-682C-4C93-A07C-30B9E9EA4E7E}.Debug|iPhone.Deploy.0 = Debug|Any CPU
		{CACA7745-682C-4C93-A07C-30B9E9EA4E7E}.Debug|iPhoneSimulator.ActiveCfg = Debug|Any CPU
		{CACA7745-682C-4C93-A07C-30B9E9EA4E7E}.Debug|Mixed Platforms.ActiveCfg = Debug|ARM
		{CACA7745-682C-4C93-A07C-30B9E9EA4E7E}.Debug|Mixed Platforms.Build.0 = Debug|ARM
		{CACA7745-682C-4C93-A07C-30B9E9EA4E7E}.Debug|Mixed Platforms.Deploy.0 = Debug|ARM
		{CACA7745-682C-4C93-A07C-30B9E9EA4E7E}.Debug|x64.ActiveCfg = Debug|Any CPU
		{CACA7745-682C-4C93-A07C-30B9E9EA4E7E}.Debug|x86.ActiveCfg = Debug|x86
		{CACA7745-682C-4C93-A07C-30B9E9EA4E7E}.Debug|x86.Build.0 = Debug|x86
		{CACA7745-682C-4C93-A07C-30B9E9EA4E7E}.Debug|x86.Deploy.0 = Debug|x86
		{CACA7745-682C-4C93-A07C-30B9E9EA4E7E}.Release|Any CPU.ActiveCfg = Release|Any CPU
		{CACA7745-682C-4C93-A07C-30B9E9EA4E7E}.Release|Any CPU.Build.0 = Release|Any CPU
		{CACA7745-682C-4C93-A07C-30B9E9EA4E7E}.Release|Any CPU.Deploy.0 = Release|Any CPU
		{CACA7745-682C-4C93-A07C-30B9E9EA4E7E}.Release|ARM.ActiveCfg = Release|ARM
		{CACA7745-682C-4C93-A07C-30B9E9EA4E7E}.Release|ARM.Build.0 = Release|ARM
		{CACA7745-682C-4C93-A07C-30B9E9EA4E7E}.Release|ARM.Deploy.0 = Release|ARM
		{CACA7745-682C-4C93-A07C-30B9E9EA4E7E}.Release|iPhone.ActiveCfg = Release|Any CPU
		{CACA7745-682C-4C93-A07C-30B9E9EA4E7E}.Release|iPhoneSimulator.ActiveCfg = Release|Any CPU
		{CACA7745-682C-4C93-A07C-30B9E9EA4E7E}.Release|Mixed Platforms.ActiveCfg = Release|x86
		{CACA7745-682C-4C93-A07C-30B9E9EA4E7E}.Release|Mixed Platforms.Build.0 = Release|x86
		{CACA7745-682C-4C93-A07C-30B9E9EA4E7E}.Release|Mixed Platforms.Deploy.0 = Release|x86
		{CACA7745-682C-4C93-A07C-30B9E9EA4E7E}.Release|x64.ActiveCfg = Release|Any CPU
		{CACA7745-682C-4C93-A07C-30B9E9EA4E7E}.Release|x86.ActiveCfg = Release|x86
		{CACA7745-682C-4C93-A07C-30B9E9EA4E7E}.Release|x86.Build.0 = Release|x86
		{CACA7745-682C-4C93-A07C-30B9E9EA4E7E}.Release|x86.Deploy.0 = Release|x86
		{622860B7-AC4C-484F-AE69-721689BC6580}.Ad-Hoc|Any CPU.ActiveCfg = Release|Any CPU
		{622860B7-AC4C-484F-AE69-721689BC6580}.Ad-Hoc|Any CPU.Build.0 = Release|Any CPU
		{622860B7-AC4C-484F-AE69-721689BC6580}.Ad-Hoc|Any CPU.Deploy.0 = Release|Any CPU
		{622860B7-AC4C-484F-AE69-721689BC6580}.Ad-Hoc|ARM.ActiveCfg = Release|ARM
		{622860B7-AC4C-484F-AE69-721689BC6580}.Ad-Hoc|ARM.Build.0 = Release|ARM
		{622860B7-AC4C-484F-AE69-721689BC6580}.Ad-Hoc|ARM.Deploy.0 = Release|ARM
		{622860B7-AC4C-484F-AE69-721689BC6580}.Ad-Hoc|iPhone.ActiveCfg = Release|Any CPU
		{622860B7-AC4C-484F-AE69-721689BC6580}.Ad-Hoc|iPhoneSimulator.ActiveCfg = Release|Any CPU
		{622860B7-AC4C-484F-AE69-721689BC6580}.Ad-Hoc|Mixed Platforms.ActiveCfg = Release|x86
		{622860B7-AC4C-484F-AE69-721689BC6580}.Ad-Hoc|Mixed Platforms.Build.0 = Release|x86
		{622860B7-AC4C-484F-AE69-721689BC6580}.Ad-Hoc|Mixed Platforms.Deploy.0 = Release|x86
		{622860B7-AC4C-484F-AE69-721689BC6580}.Ad-Hoc|x64.ActiveCfg = Release|x64
		{622860B7-AC4C-484F-AE69-721689BC6580}.Ad-Hoc|x64.Build.0 = Release|x64
		{622860B7-AC4C-484F-AE69-721689BC6580}.Ad-Hoc|x64.Deploy.0 = Release|x64
		{622860B7-AC4C-484F-AE69-721689BC6580}.Ad-Hoc|x86.ActiveCfg = Release|x86
		{622860B7-AC4C-484F-AE69-721689BC6580}.Ad-Hoc|x86.Build.0 = Release|x86
		{622860B7-AC4C-484F-AE69-721689BC6580}.Ad-Hoc|x86.Deploy.0 = Release|x86
		{622860B7-AC4C-484F-AE69-721689BC6580}.AppStore|Any CPU.ActiveCfg = Release|Any CPU
		{622860B7-AC4C-484F-AE69-721689BC6580}.AppStore|Any CPU.Build.0 = Release|Any CPU
		{622860B7-AC4C-484F-AE69-721689BC6580}.AppStore|Any CPU.Deploy.0 = Release|Any CPU
		{622860B7-AC4C-484F-AE69-721689BC6580}.AppStore|ARM.ActiveCfg = Release|ARM
		{622860B7-AC4C-484F-AE69-721689BC6580}.AppStore|ARM.Build.0 = Release|ARM
		{622860B7-AC4C-484F-AE69-721689BC6580}.AppStore|ARM.Deploy.0 = Release|ARM
		{622860B7-AC4C-484F-AE69-721689BC6580}.AppStore|iPhone.ActiveCfg = Release|Any CPU
		{622860B7-AC4C-484F-AE69-721689BC6580}.AppStore|iPhoneSimulator.ActiveCfg = Release|Any CPU
		{622860B7-AC4C-484F-AE69-721689BC6580}.AppStore|Mixed Platforms.ActiveCfg = Release|x86
		{622860B7-AC4C-484F-AE69-721689BC6580}.AppStore|Mixed Platforms.Build.0 = Release|x86
		{622860B7-AC4C-484F-AE69-721689BC6580}.AppStore|Mixed Platforms.Deploy.0 = Release|x86
		{622860B7-AC4C-484F-AE69-721689BC6580}.AppStore|x64.ActiveCfg = Release|x64
		{622860B7-AC4C-484F-AE69-721689BC6580}.AppStore|x64.Build.0 = Release|x64
		{622860B7-AC4C-484F-AE69-721689BC6580}.AppStore|x64.Deploy.0 = Release|x64
		{622860B7-AC4C-484F-AE69-721689BC6580}.AppStore|x86.ActiveCfg = Release|x86
		{622860B7-AC4C-484F-AE69-721689BC6580}.AppStore|x86.Build.0 = Release|x86
		{622860B7-AC4C-484F-AE69-721689BC6580}.AppStore|x86.Deploy.0 = Release|x86
		{622860B7-AC4C-484F-AE69-721689BC6580}.Debug|Any CPU.ActiveCfg = Debug|Any CPU
		{622860B7-AC4C-484F-AE69-721689BC6580}.Debug|Any CPU.Build.0 = Debug|Any CPU
		{622860B7-AC4C-484F-AE69-721689BC6580}.Debug|Any CPU.Deploy.0 = Debug|Any CPU
		{622860B7-AC4C-484F-AE69-721689BC6580}.Debug|ARM.ActiveCfg = Debug|ARM
		{622860B7-AC4C-484F-AE69-721689BC6580}.Debug|ARM.Build.0 = Debug|ARM
		{622860B7-AC4C-484F-AE69-721689BC6580}.Debug|ARM.Deploy.0 = Debug|ARM
		{622860B7-AC4C-484F-AE69-721689BC6580}.Debug|iPhone.ActiveCfg = Debug|Any CPU
		{622860B7-AC4C-484F-AE69-721689BC6580}.Debug|iPhone.Build.0 = Debug|Any CPU
		{622860B7-AC4C-484F-AE69-721689BC6580}.Debug|iPhone.Deploy.0 = Debug|Any CPU
		{622860B7-AC4C-484F-AE69-721689BC6580}.Debug|iPhoneSimulator.ActiveCfg = Debug|Any CPU
		{622860B7-AC4C-484F-AE69-721689BC6580}.Debug|Mixed Platforms.ActiveCfg = Debug|x86
		{622860B7-AC4C-484F-AE69-721689BC6580}.Debug|Mixed Platforms.Build.0 = Debug|x86
		{622860B7-AC4C-484F-AE69-721689BC6580}.Debug|Mixed Platforms.Deploy.0 = Debug|x86
		{622860B7-AC4C-484F-AE69-721689BC6580}.Debug|x64.ActiveCfg = Debug|x64
		{622860B7-AC4C-484F-AE69-721689BC6580}.Debug|x64.Build.0 = Debug|x64
		{622860B7-AC4C-484F-AE69-721689BC6580}.Debug|x64.Deploy.0 = Debug|x64
		{622860B7-AC4C-484F-AE69-721689BC6580}.Debug|x86.ActiveCfg = Debug|x86
		{622860B7-AC4C-484F-AE69-721689BC6580}.Debug|x86.Build.0 = Debug|x86
		{622860B7-AC4C-484F-AE69-721689BC6580}.Debug|x86.Deploy.0 = Debug|x86
		{622860B7-AC4C-484F-AE69-721689BC6580}.Release|Any CPU.ActiveCfg = Release|Any CPU
		{622860B7-AC4C-484F-AE69-721689BC6580}.Release|Any CPU.Build.0 = Release|Any CPU
		{622860B7-AC4C-484F-AE69-721689BC6580}.Release|Any CPU.Deploy.0 = Release|Any CPU
		{622860B7-AC4C-484F-AE69-721689BC6580}.Release|ARM.ActiveCfg = Release|ARM
		{622860B7-AC4C-484F-AE69-721689BC6580}.Release|ARM.Build.0 = Release|ARM
		{622860B7-AC4C-484F-AE69-721689BC6580}.Release|ARM.Deploy.0 = Release|ARM
		{622860B7-AC4C-484F-AE69-721689BC6580}.Release|iPhone.ActiveCfg = Release|Any CPU
		{622860B7-AC4C-484F-AE69-721689BC6580}.Release|iPhoneSimulator.ActiveCfg = Release|Any CPU
		{622860B7-AC4C-484F-AE69-721689BC6580}.Release|Mixed Platforms.ActiveCfg = Release|x86
		{622860B7-AC4C-484F-AE69-721689BC6580}.Release|Mixed Platforms.Build.0 = Release|x86
		{622860B7-AC4C-484F-AE69-721689BC6580}.Release|Mixed Platforms.Deploy.0 = Release|x86
		{622860B7-AC4C-484F-AE69-721689BC6580}.Release|x64.ActiveCfg = Release|x64
		{622860B7-AC4C-484F-AE69-721689BC6580}.Release|x64.Build.0 = Release|x64
		{622860B7-AC4C-484F-AE69-721689BC6580}.Release|x64.Deploy.0 = Release|x64
		{622860B7-AC4C-484F-AE69-721689BC6580}.Release|x86.ActiveCfg = Release|x86
		{622860B7-AC4C-484F-AE69-721689BC6580}.Release|x86.Build.0 = Release|x86
		{622860B7-AC4C-484F-AE69-721689BC6580}.Release|x86.Deploy.0 = Release|x86
		{6A5D5889-3C39-43CB-A617-FE72BE0793D2}.Ad-Hoc|Any CPU.ActiveCfg = Release|Any CPU
		{6A5D5889-3C39-43CB-A617-FE72BE0793D2}.Ad-Hoc|Any CPU.Build.0 = Release|Any CPU
		{6A5D5889-3C39-43CB-A617-FE72BE0793D2}.Ad-Hoc|Any CPU.Deploy.0 = Release|Any CPU
		{6A5D5889-3C39-43CB-A617-FE72BE0793D2}.Ad-Hoc|ARM.ActiveCfg = Release|ARM
		{6A5D5889-3C39-43CB-A617-FE72BE0793D2}.Ad-Hoc|ARM.Build.0 = Release|ARM
		{6A5D5889-3C39-43CB-A617-FE72BE0793D2}.Ad-Hoc|ARM.Deploy.0 = Release|ARM
		{6A5D5889-3C39-43CB-A617-FE72BE0793D2}.Ad-Hoc|iPhone.ActiveCfg = Release|Any CPU
		{6A5D5889-3C39-43CB-A617-FE72BE0793D2}.Ad-Hoc|iPhoneSimulator.ActiveCfg = Release|Any CPU
		{6A5D5889-3C39-43CB-A617-FE72BE0793D2}.Ad-Hoc|Mixed Platforms.ActiveCfg = Release|x86
		{6A5D5889-3C39-43CB-A617-FE72BE0793D2}.Ad-Hoc|Mixed Platforms.Build.0 = Release|x86
		{6A5D5889-3C39-43CB-A617-FE72BE0793D2}.Ad-Hoc|Mixed Platforms.Deploy.0 = Release|x86
		{6A5D5889-3C39-43CB-A617-FE72BE0793D2}.Ad-Hoc|x64.ActiveCfg = Release|Any CPU
		{6A5D5889-3C39-43CB-A617-FE72BE0793D2}.Ad-Hoc|x86.ActiveCfg = Release|x86
		{6A5D5889-3C39-43CB-A617-FE72BE0793D2}.Ad-Hoc|x86.Build.0 = Release|x86
		{6A5D5889-3C39-43CB-A617-FE72BE0793D2}.Ad-Hoc|x86.Deploy.0 = Release|x86
		{6A5D5889-3C39-43CB-A617-FE72BE0793D2}.AppStore|Any CPU.ActiveCfg = Release|Any CPU
		{6A5D5889-3C39-43CB-A617-FE72BE0793D2}.AppStore|Any CPU.Build.0 = Release|Any CPU
		{6A5D5889-3C39-43CB-A617-FE72BE0793D2}.AppStore|Any CPU.Deploy.0 = Release|Any CPU
		{6A5D5889-3C39-43CB-A617-FE72BE0793D2}.AppStore|ARM.ActiveCfg = Release|ARM
		{6A5D5889-3C39-43CB-A617-FE72BE0793D2}.AppStore|ARM.Build.0 = Release|ARM
		{6A5D5889-3C39-43CB-A617-FE72BE0793D2}.AppStore|ARM.Deploy.0 = Release|ARM
		{6A5D5889-3C39-43CB-A617-FE72BE0793D2}.AppStore|iPhone.ActiveCfg = Release|Any CPU
		{6A5D5889-3C39-43CB-A617-FE72BE0793D2}.AppStore|iPhoneSimulator.ActiveCfg = Release|Any CPU
		{6A5D5889-3C39-43CB-A617-FE72BE0793D2}.AppStore|Mixed Platforms.ActiveCfg = Release|x86
		{6A5D5889-3C39-43CB-A617-FE72BE0793D2}.AppStore|Mixed Platforms.Build.0 = Release|x86
		{6A5D5889-3C39-43CB-A617-FE72BE0793D2}.AppStore|Mixed Platforms.Deploy.0 = Release|x86
		{6A5D5889-3C39-43CB-A617-FE72BE0793D2}.AppStore|x64.ActiveCfg = Release|Any CPU
		{6A5D5889-3C39-43CB-A617-FE72BE0793D2}.AppStore|x86.ActiveCfg = Release|x86
		{6A5D5889-3C39-43CB-A617-FE72BE0793D2}.AppStore|x86.Build.0 = Release|x86
		{6A5D5889-3C39-43CB-A617-FE72BE0793D2}.AppStore|x86.Deploy.0 = Release|x86
		{6A5D5889-3C39-43CB-A617-FE72BE0793D2}.Debug|Any CPU.ActiveCfg = Debug|Any CPU
		{6A5D5889-3C39-43CB-A617-FE72BE0793D2}.Debug|Any CPU.Build.0 = Debug|Any CPU
		{6A5D5889-3C39-43CB-A617-FE72BE0793D2}.Debug|Any CPU.Deploy.0 = Debug|Any CPU
		{6A5D5889-3C39-43CB-A617-FE72BE0793D2}.Debug|ARM.ActiveCfg = Debug|ARM
		{6A5D5889-3C39-43CB-A617-FE72BE0793D2}.Debug|ARM.Build.0 = Debug|ARM
		{6A5D5889-3C39-43CB-A617-FE72BE0793D2}.Debug|ARM.Deploy.0 = Debug|ARM
		{6A5D5889-3C39-43CB-A617-FE72BE0793D2}.Debug|iPhone.ActiveCfg = Debug|Any CPU
		{6A5D5889-3C39-43CB-A617-FE72BE0793D2}.Debug|iPhone.Build.0 = Debug|Any CPU
		{6A5D5889-3C39-43CB-A617-FE72BE0793D2}.Debug|iPhone.Deploy.0 = Debug|Any CPU
		{6A5D5889-3C39-43CB-A617-FE72BE0793D2}.Debug|iPhoneSimulator.ActiveCfg = Debug|Any CPU
		{6A5D5889-3C39-43CB-A617-FE72BE0793D2}.Debug|Mixed Platforms.ActiveCfg = Debug|x86
		{6A5D5889-3C39-43CB-A617-FE72BE0793D2}.Debug|Mixed Platforms.Build.0 = Debug|x86
		{6A5D5889-3C39-43CB-A617-FE72BE0793D2}.Debug|Mixed Platforms.Deploy.0 = Debug|x86
		{6A5D5889-3C39-43CB-A617-FE72BE0793D2}.Debug|x64.ActiveCfg = Debug|Any CPU
		{6A5D5889-3C39-43CB-A617-FE72BE0793D2}.Debug|x86.ActiveCfg = Debug|x86
		{6A5D5889-3C39-43CB-A617-FE72BE0793D2}.Debug|x86.Build.0 = Debug|x86
		{6A5D5889-3C39-43CB-A617-FE72BE0793D2}.Debug|x86.Deploy.0 = Debug|x86
		{6A5D5889-3C39-43CB-A617-FE72BE0793D2}.Release|Any CPU.ActiveCfg = Release|Any CPU
		{6A5D5889-3C39-43CB-A617-FE72BE0793D2}.Release|Any CPU.Build.0 = Release|Any CPU
		{6A5D5889-3C39-43CB-A617-FE72BE0793D2}.Release|Any CPU.Deploy.0 = Release|Any CPU
		{6A5D5889-3C39-43CB-A617-FE72BE0793D2}.Release|ARM.ActiveCfg = Release|ARM
		{6A5D5889-3C39-43CB-A617-FE72BE0793D2}.Release|ARM.Build.0 = Release|ARM
		{6A5D5889-3C39-43CB-A617-FE72BE0793D2}.Release|ARM.Deploy.0 = Release|ARM
		{6A5D5889-3C39-43CB-A617-FE72BE0793D2}.Release|iPhone.ActiveCfg = Release|Any CPU
		{6A5D5889-3C39-43CB-A617-FE72BE0793D2}.Release|iPhoneSimulator.ActiveCfg = Release|Any CPU
		{6A5D5889-3C39-43CB-A617-FE72BE0793D2}.Release|Mixed Platforms.ActiveCfg = Release|x86
		{6A5D5889-3C39-43CB-A617-FE72BE0793D2}.Release|Mixed Platforms.Build.0 = Release|x86
		{6A5D5889-3C39-43CB-A617-FE72BE0793D2}.Release|Mixed Platforms.Deploy.0 = Release|x86
		{6A5D5889-3C39-43CB-A617-FE72BE0793D2}.Release|x64.ActiveCfg = Release|Any CPU
		{6A5D5889-3C39-43CB-A617-FE72BE0793D2}.Release|x86.ActiveCfg = Release|x86
		{6A5D5889-3C39-43CB-A617-FE72BE0793D2}.Release|x86.Build.0 = Release|x86
		{6A5D5889-3C39-43CB-A617-FE72BE0793D2}.Release|x86.Deploy.0 = Release|x86
	EndGlobalSection
	GlobalSection(SolutionProperties) = preSolution
		HideSolutionNode = FALSE
	EndGlobalSection
	GlobalSection(NestedProjects) = preSolution
		{0024445B-DD32-4C2D-9DEE-08204C3FFB9C} = {C72603A7-C1D4-478C-88DF-2F105A6CF2A3}
		{622860B7-AC4C-484F-AE69-721689BC6580} = {C72603A7-C1D4-478C-88DF-2F105A6CF2A3}
		{6A5D5889-3C39-43CB-A617-FE72BE0793D2} = {C72603A7-C1D4-478C-88DF-2F105A6CF2A3}
	EndGlobalSection
EndGlobal
